
Microsoft Visual Studio Solution File, Format Version 12.00
# Visual Studio Version 17
VisualStudioVersion = 17.0.31903.59
MinimumVisualStudioVersion = 10.0.40219.1
Project("{9A19103F-16F7-4668-BE54-9A1E7A4F7556}") = "SklepGamingowy", "SklepGamingowy\SklepGamingowy.csproj", "{7F596669-05AD-4C7B-8AF7-33A4DFC4191B}"
EndProject
Project("{9A19103F-16F7-4668-BE54-9A1E7A4F7556}") = "SklepGamingowy.Tests", "SklepGamingowy.Tests\SklepGamingowy.Tests.csproj", "{54DDB9C9-4C10-4BE0-A5D0-B82CED2AB8B9}"
EndProject
Global
	GlobalSection(SolutionConfigurationPlatforms) = preSolution
		Debug|Any CPU = Debug|Any CPU
		Release|Any CPU = Release|Any CPU
	EndGlobalSection
	GlobalSection(ProjectConfigurationPlatforms) = postSolution
		{7F596669-05AD-4C7B-8AF7-33A4DFC4191B}.Debug|Any CPU.ActiveCfg = Debug|Any CPU
		{7F596669-05AD-4C7B-8AF7-33A4DFC4191B}.Debug|Any CPU.Build.0 = Debug|Any CPU
		{7F596669-05AD-4C7B-8AF7-33A4DFC4191B}.Release|Any CPU.ActiveCfg = Release|Any CPU
		{7F596669-05AD-4C7B-8AF7-33A4DFC4191B}.Release|Any CPU.Build.0 = Release|Any CPU
		{54DDB9C9-4C10-4BE0-A5D0-B82CED2AB8B9}.Debug|Any CPU.ActiveCfg = Debug|Any CPU
		{54DDB9C9-4C10-4BE0-A5D0-B82CED2AB8B9}.Debug|Any CPU.Build.0 = Debug|Any CPU
		{54DDB9C9-4C10-4BE0-A5D0-B82CED2AB8B9}.Release|Any CPU.ActiveCfg = Release|Any CPU
		{54DDB9C9-4C10-4BE0-A5D0-B82CED2AB8B9}.Release|Any CPU.Build.0 = Release|Any CPU
	EndGlobalSection
	GlobalSection(SolutionProperties) = preSolution
		HideSolutionNode = FALSE
	EndGlobalSection
	GlobalSection(ExtensibilityGlobals) = postSolution
		SolutionGuid = {4AB7CEB6-B7DA-4230-97B4-8E6597458D58}
	EndGlobalSection
EndGlobal
